
Microsoft Visual Studio Solution File, Format Version 12.00
# Visual Studio Version 17
VisualStudioVersion = 17.11.35222.181
MinimumVisualStudioVersion = 10.0.40219.1
Project("{FAE04EC0-301F-11D3-BF4B-00C04F79EFBC}") = "CaesarCipher", "CaeserCipher\CaesarCipher.csproj", "{F7995821-0D68-4070-A28C-AA84AAD54105}"
EndProject
Global
	GlobalSection(SolutionConfigurationPlatforms) = preSolution
		Debug|Any CPU = Debug|Any CPU
		Release|Any CPU = Release|Any CPU
	EndGlobalSection
	GlobalSection(ProjectConfigurationPlatforms) = postSolution
		{F7995821-0D68-4070-A28C-AA84AAD54105}.Debug|Any CPU.ActiveCfg = Debug|Any CPU
		{F7995821-0D68-4070-A28C-AA84AAD54105}.Debug|Any CPU.Build.0 = Debug|Any CPU
		{F7995821-0D68-4070-A28C-AA84AAD54105}.Release|Any CPU.ActiveCfg = Release|Any CPU
		{F7995821-0D68-4070-A28C-AA84AAD54105}.Release|Any CPU.Build.0 = Release|Any CPU
	EndGlobalSection
	GlobalSection(SolutionProperties) = preSolution
		HideSolutionNode = FALSE
	EndGlobalSection
	GlobalSection(ExtensibilityGlobals) = postSolution
		SolutionGuid = {2E60217E-3FC2-4795-A283-61E6BF1BEC52}
	EndGlobalSection
EndGlobal
